
Microsoft Visual Studio Solution File, Format Version 12.00
# Visual Studio Version 17
VisualStudioVersion = 17.7.34031.279
MinimumVisualStudioVersion = 10.0.40219.1
Project("{FAE04EC0-301F-11D3-BF4B-00C04F79EFBC}") = "BlazorFrontend", "BlazorFrontend\BlazorFrontend.csproj", "{8548A198-288A-4F89-96D4-6FF186566B5B}"
EndProject
Global
	GlobalSection(SolutionConfigurationPlatforms) = preSolution
		Debug|Any CPU = Debug|Any CPU
		Release|Any CPU = Release|Any CPU
	EndGlobalSection
	GlobalSection(ProjectConfigurationPlatforms) = postSolution
		{8548A198-288A-4F89-96D4-6FF186566B5B}.Debug|Any CPU.ActiveCfg = Debug|Any CPU
		{8548A198-288A-4F89-96D4-6FF186566B5B}.Debug|Any CPU.Build.0 = Debug|Any CPU
		{8548A198-288A-4F89-96D4-6FF186566B5B}.Release|Any CPU.ActiveCfg = Release|Any CPU
		{8548A198-288A-4F89-96D4-6FF186566B5B}.Release|Any CPU.Build.0 = Release|Any CPU
	EndGlobalSection
	GlobalSection(SolutionProperties) = preSolution
		HideSolutionNode = FALSE
	EndGlobalSection
	GlobalSection(ExtensibilityGlobals) = postSolution
		SolutionGuid = {02DAF151-B150-4482-B196-920FD1AE7695}
	EndGlobalSection
EndGlobal
